
Microsoft Visual Studio Solution File, Format Version 12.00
# Visual Studio 2012
Project("{FAE04EC0-301F-11D3-BF4B-00C04F79EFBC}") = "JG_Prospect.web", "JG_Prospect.web\JG_Prospect.web.csproj", "{A7B25516-4610-48D5-9280-6392DC92F935}"
EndProject
Project("{FAE04EC0-301F-11D3-BF4B-00C04F79EFBC}") = "JG_Prospect.DAL", "JG_Prospect.DAL\JG_Prospect.DAL.csproj", "{2C56D357-387F-4070-9DC0-70AB17D35668}"
EndProject
Project("{FAE04EC0-301F-11D3-BF4B-00C04F79EFBC}") = "JG_Prospect.BLL", "JG_Prospect.BLL\JG_Prospect.BLL.csproj", "{B99F65CE-3A46-4081-9404-902B25F3D653}"
EndProject
Project("{FAE04EC0-301F-11D3-BF4B-00C04F79EFBC}") = "JG_Prospect.Common", "JG_Prospect.Common\JG_Prospect.Common.csproj", "{A445BB8A-2C2E-4144-93E8-6E6D79EDA646}"
EndProject
Project("{FAE04EC0-301F-11D3-BF4B-00C04F79EFBC}") = "JG_Prospect.WebAPI", "JG_Prospect.WebAPI\JG_Prospect.WebAPI.csproj", "{A2E0432F-2ED7-45EB-81D8-D889F2F85C6B}"
EndProject
Global
	GlobalSection(SolutionConfigurationPlatforms) = preSolution
		Debug|Any CPU = Debug|Any CPU
		Release|Any CPU = Release|Any CPU
	EndGlobalSection
	GlobalSection(ProjectConfigurationPlatforms) = postSolution
		{A7B25516-4610-48D5-9280-6392DC92F935}.Debug|Any CPU.ActiveCfg = Debug|Any CPU
		{A7B25516-4610-48D5-9280-6392DC92F935}.Debug|Any CPU.Build.0 = Debug|Any CPU
		{A7B25516-4610-48D5-9280-6392DC92F935}.Release|Any CPU.ActiveCfg = Release|Any CPU
		{A7B25516-4610-48D5-9280-6392DC92F935}.Release|Any CPU.Build.0 = Release|Any CPU
		{2C56D357-387F-4070-9DC0-70AB17D35668}.Debug|Any CPU.ActiveCfg = Debug|Any CPU
		{2C56D357-387F-4070-9DC0-70AB17D35668}.Debug|Any CPU.Build.0 = Debug|Any CPU
		{2C56D357-387F-4070-9DC0-70AB17D35668}.Release|Any CPU.ActiveCfg = Release|Any CPU
		{2C56D357-387F-4070-9DC0-70AB17D35668}.Release|Any CPU.Build.0 = Release|Any CPU
		{B99F65CE-3A46-4081-9404-902B25F3D653}.Debug|Any CPU.ActiveCfg = Debug|Any CPU
		{B99F65CE-3A46-4081-9404-902B25F3D653}.Debug|Any CPU.Build.0 = Debug|Any CPU
		{B99F65CE-3A46-4081-9404-902B25F3D653}.Release|Any CPU.ActiveCfg = Release|Any CPU
		{B99F65CE-3A46-4081-9404-902B25F3D653}.Release|Any CPU.Build.0 = Release|Any CPU
		{A445BB8A-2C2E-4144-93E8-6E6D79EDA646}.Debug|Any CPU.ActiveCfg = Debug|Any CPU
		{A445BB8A-2C2E-4144-93E8-6E6D79EDA646}.Debug|Any CPU.Build.0 = Debug|Any CPU
		{A445BB8A-2C2E-4144-93E8-6E6D79EDA646}.Release|Any CPU.ActiveCfg = Release|Any CPU
		{A445BB8A-2C2E-4144-93E8-6E6D79EDA646}.Release|Any CPU.Build.0 = Release|Any CPU
		{A2E0432F-2ED7-45EB-81D8-D889F2F85C6B}.Debug|Any CPU.ActiveCfg = Debug|Any CPU
		{A2E0432F-2ED7-45EB-81D8-D889F2F85C6B}.Debug|Any CPU.Build.0 = Debug|Any CPU
		{A2E0432F-2ED7-45EB-81D8-D889F2F85C6B}.Release|Any CPU.ActiveCfg = Release|Any CPU
		{A2E0432F-2ED7-45EB-81D8-D889F2F85C6B}.Release|Any CPU.Build.0 = Release|Any CPU
	EndGlobalSection
	GlobalSection(SolutionProperties) = preSolution
		HideSolutionNode = FALSE
	EndGlobalSection
EndGlobal
